// !$*UTF8*$!
{
	archiveVersion = 1;
	classes = {
	};
	objectVersion = 52;
	objects = {

/* Begin PBXBuildFile section */
		9D059A4A282A36C400C50A13 /* GoogleService-Info.plist in Resources */ = {isa = PBXBuildFile; fileRef = 9D4A512123B5793D005DFEA7 /* GoogleService-Info.plist */; };
		9D059A4C282A389700C50A13 /* DateExtension.swift in Sources */ = {isa = PBXBuildFile; fileRef = 9D059A4B282A389700C50A13 /* DateExtension.swift */; };
		9D059A4E282A3A7600C50A13 /* MessageElement.swift in Sources */ = {isa = PBXBuildFile; fileRef = 9D059A4D282A3A7600C50A13 /* MessageElement.swift */; };
		9D346CF826496AEA009A858C /* FirebaseFirestore in Frameworks */ = {isa = PBXBuildFile; productRef = 9D346CF726496AEA009A858C /* FirebaseFirestore */; };
		9D4A512423B57B2F005DFEA7 /* MessageView.swift in Sources */ = {isa = PBXBuildFile; fileRef = 9D4A512323B57B2F005DFEA7 /* MessageView.swift */; };
		9D4A512623B5C7CA005DFEA7 /* MessageVIewModel.swift in Sources */ = {isa = PBXBuildFile; fileRef = 9D4A512523B5C7C9005DFEA7 /* MessageVIewModel.swift */; };
		9D4A512823B5D46B005DFEA7 /* MessageRow.swift in Sources */ = {isa = PBXBuildFile; fileRef = 9D4A512723B5D46B005DFEA7 /* MessageRow.swift */; };
		9D8B031223B49482000FF55B /* ContentView.swift in Sources */ = {isa = PBXBuildFile; fileRef = 9D8B031123B49482000FF55B /* ContentView.swift */; };
		9D8B031423B49485000FF55B /* Assets.xcassets in Resources */ = {isa = PBXBuildFile; fileRef = 9D8B031323B49485000FF55B /* Assets.xcassets */; };
		9D8B031723B49485000FF55B /* Preview Assets.xcassets in Resources */ = {isa = PBXBuildFile; fileRef = 9D8B031623B49485000FF55B /* Preview Assets.xcassets */; };
		9DC1E3522A5DAA48005E537F /* SimpleChatMessengerApp.swift in Sources */ = {isa = PBXBuildFile; fileRef = 9DC1E3512A5DAA48005E537F /* SimpleChatMessengerApp.swift */; };
/* End PBXBuildFile section */

/* Begin PBXFileReference section */
		9D059A4B282A389700C50A13 /* DateExtension.swift */ = {isa = PBXFileReference; lastKnownFileType = sourcecode.swift; path = DateExtension.swift; sourceTree = "<group>"; };
		9D059A4D282A3A7600C50A13 /* MessageElement.swift */ = {isa = PBXFileReference; lastKnownFileType = sourcecode.swift; path = MessageElement.swift; sourceTree = "<group>"; };
		9D4A512123B5793D005DFEA7 /* GoogleService-Info.plist */ = {isa = PBXFileReference; fileEncoding = 4; lastKnownFileType = text.plist.xml; path = "GoogleService-Info.plist"; sourceTree = "<group>"; };
		9D4A512323B57B2F005DFEA7 /* MessageView.swift */ = {isa = PBXFileReference; lastKnownFileType = sourcecode.swift; path = MessageView.swift; sourceTree = "<group>"; };
		9D4A512523B5C7C9005DFEA7 /* MessageVIewModel.swift */ = {isa = PBXFileReference; lastKnownFileType = sourcecode.swift; path = MessageVIewModel.swift; sourceTree = "<group>"; };
		9D4A512723B5D46B005DFEA7 /* MessageRow.swift */ = {isa = PBXFileReference; lastKnownFileType = sourcecode.swift; path = MessageRow.swift; sourceTree = "<group>"; };
		9D8B030A23B49482000FF55B /* SimpleChatMessenger.app */ = {isa = PBXFileReference; explicitFileType = wrapper.application; includeInIndex = 0; path = SimpleChatMessenger.app; sourceTree = BUILT_PRODUCTS_DIR; };
		9D8B031123B49482000FF55B /* ContentView.swift */ = {isa = PBXFileReference; lastKnownFileType = sourcecode.swift; path = ContentView.swift; sourceTree = "<group>"; };
		9D8B031323B49485000FF55B /* Assets.xcassets */ = {isa = PBXFileReference; lastKnownFileType = folder.assetcatalog; path = Assets.xcassets; sourceTree = "<group>"; };
		9D8B031623B49485000FF55B /* Preview Assets.xcassets */ = {isa = PBXFileReference; lastKnownFileType = folder.assetcatalog; path = "Preview Assets.xcassets"; sourceTree = "<group>"; };
		9D8B031B23B49485000FF55B /* Info.plist */ = {isa = PBXFileReference; lastKnownFileType = text.plist.xml; path = Info.plist; sourceTree = "<group>"; };
		9DC1E3512A5DAA48005E537F /* SimpleChatMessengerApp.swift */ = {isa = PBXFileReference; lastKnownFileType = sourcecode.swift; path = SimpleChatMessengerApp.swift; sourceTree = "<group>"; };
/* End PBXFileReference section */

/* Begin PBXFrameworksBuildPhase section */
		9D8B030723B49482000FF55B /* Frameworks */ = {
			isa = PBXFrameworksBuildPhase;
			buildActionMask = 2147483647;
			files = (
				9D346CF826496AEA009A858C /* FirebaseFirestore in Frameworks */,
			);
			runOnlyForDeploymentPostprocessing = 0;
		};
/* End PBXFrameworksBuildPhase section */

/* Begin PBXGroup section */
		9D8B030123B49482000FF55B = {
			isa = PBXGroup;
			children = (
				9D8B030C23B49482000FF55B /* SimpleChatMessenger */,
				9D8B030B23B49482000FF55B /* Products */,
			);
			sourceTree = "<group>";
		};
		9D8B030B23B49482000FF55B /* Products */ = {
			isa = PBXGroup;
			children = (
				9D8B030A23B49482000FF55B /* SimpleChatMessenger.app */,
			);
			name = Products;
			sourceTree = "<group>";
		};
		9D8B030C23B49482000FF55B /* SimpleChatMessenger */ = {
			isa = PBXGroup;
			children = (
				9DC1E3512A5DAA48005E537F /* SimpleChatMessengerApp.swift */,
				9D059A4B282A389700C50A13 /* DateExtension.swift */,
				9D8B031123B49482000FF55B /* ContentView.swift */,
				9D4A512323B57B2F005DFEA7 /* MessageView.swift */,
				9D4A512723B5D46B005DFEA7 /* MessageRow.swift */,
				9D059A4D282A3A7600C50A13 /* MessageElement.swift */,
				9D4A512523B5C7C9005DFEA7 /* MessageVIewModel.swift */,
				9D8B031323B49485000FF55B /* Assets.xcassets */,
				9D8B031B23B49485000FF55B /* Info.plist */,
				9D4A512123B5793D005DFEA7 /* GoogleService-Info.plist */,
				9D8B031523B49485000FF55B /* Preview Content */,
			);
			path = SimpleChatMessenger;
			sourceTree = "<group>";
		};
		9D8B031523B49485000FF55B /* Preview Content */ = {
			isa = PBXGroup;
			children = (
				9D8B031623B49485000FF55B /* Preview Assets.xcassets */,
			);
			path = "Preview Content";
			sourceTree = "<group>";
		};
/* End PBXGroup section */

/* Begin PBXNativeTarget section */
		9D8B030923B49482000FF55B /* SimpleChatMessenger */ = {
			isa = PBXNativeTarget;
			buildConfigurationList = 9D8B031E23B49485000FF55B /* Build configuration list for PBXNativeTarget "SimpleChatMessenger" */;
			buildPhases = (
				9D8B030623B49482000FF55B /* Sources */,
				9D8B030723B49482000FF55B /* Frameworks */,
				9D8B030823B49482000FF55B /* Resources */,
			);
			buildRules = (
			);
			dependencies = (
			);
			name = SimpleChatMessenger;
			packageProductDependencies = (
				9D346CF726496AEA009A858C /* FirebaseFirestore */,
			);
			productName = SimpleChatMessenger;
			productReference = 9D8B030A23B49482000FF55B /* SimpleChatMessenger.app */;
			productType = "com.apple.product-type.application";
		};
/* End PBXNativeTarget section */

/* Begin PBXProject section */
		9D8B030223B49482000FF55B /* Project object */ = {
			isa = PBXProject;
			attributes = {
				LastSwiftUpdateCheck = 1130;
				LastUpgradeCheck = 1320;
				ORGANIZATIONNAME = "F-Works";
				TargetAttributes = {
					9D8B030923B49482000FF55B = {
						CreatedOnToolsVersion = 11.3;
					};
				};
			};
			buildConfigurationList = 9D8B030523B49482000FF55B /* Build configuration list for PBXProject "SimpleChatMessenger" */;
			compatibilityVersion = "Xcode 9.3";
			developmentRegion = en;
			hasScannedForEncodings = 0;
			knownRegions = (
				en,
				Base,
			);
			mainGroup = 9D8B030123B49482000FF55B;
			packageReferences = (
				9D346CF626496AEA009A858C /* XCRemoteSwiftPackageReference "firebase-ios-sdk" */,
			);
			productRefGroup = 9D8B030B23B49482000FF55B /* Products */;
			projectDirPath = "";
			projectRoot = "";
			targets = (
				9D8B030923B49482000FF55B /* SimpleChatMessenger */,
			);
		};
/* End PBXProject section */

/* Begin PBXResourcesBuildPhase section */
		9D8B030823B49482000FF55B /* Resources */ = {
			isa = PBXResourcesBuildPhase;
			buildActionMask = 2147483647;
			files = (
				9D059A4A282A36C400C50A13 /* GoogleService-Info.plist in Resources */,
				9D8B031723B49485000FF55B /* Preview Assets.xcassets in Resources */,
				9D8B031423B49485000FF55B /* Assets.xcassets in Resources */,
			);
			runOnlyForDeploymentPostprocessing = 0;
		};
/* End PBXResourcesBuildPhase section */

/* Begin PBXSourcesBuildPhase section */
		9D8B030623B49482000FF55B /* Sources */ = {
			isa = PBXSourcesBuildPhase;
			buildActionMask = 2147483647;
			files = (
				9D4A512823B5D46B005DFEA7 /* MessageRow.swift in Sources */,
				9D059A4C282A389700C50A13 /* DateExtension.swift in Sources */,
				9D4A512423B57B2F005DFEA7 /* MessageView.swift in Sources */,
				9DC1E3522A5DAA48005E537F /* SimpleChatMessengerApp.swift in Sources */,
				9D4A512623B5C7CA005DFEA7 /* MessageVIewModel.swift in Sources */,
				9D059A4E282A3A7600C50A13 /* MessageElement.swift in Sources */,
				9D8B031223B49482000FF55B /* ContentView.swift in Sources */,
			);
			runOnlyForDeploymentPostprocessing = 0;
		};
/* End PBXSourcesBuildPhase section */

/* Begin XCBuildConfiguration section */
		9D8B031C23B49485000FF55B /* Debug */ = {
			isa = XCBuildConfiguration;
			buildSettings = {
				ALWAYS_SEARCH_USER_PATHS = NO;
				CLANG_ANALYZER_NONNULL = YES;
				CLANG_ANALYZER_NUMBER_OBJECT_CONVERSION = YES_AGGRESSIVE;
				CLANG_CXX_LANGUAGE_STANDARD = "gnu++14";
				CLANG_CXX_LIBRARY = "libc++";
				CLANG_ENABLE_MODULES = YES;
				CLANG_ENABLE_OBJC_ARC = YES;
				CLANG_ENABLE_OBJC_WEAK = YES;
				CLANG_WARN_BLOCK_CAPTURE_AUTORELEASING = YES;
				CLANG_WARN_BOOL_CONVERSION = YES;
				CLANG_WARN_COMMA = YES;
				CLANG_WARN_CONSTANT_CONVERSION = YES;
				CLANG_WARN_DEPRECATED_OBJC_IMPLEMENTATIONS = YES;
				CLANG_WARN_DIRECT_OBJC_ISA_USAGE = YES_ERROR;
				CLANG_WARN_DOCUMENTATION_COMMENTS = YES;
				CLANG_WARN_EMPTY_BODY = YES;
				CLANG_WARN_ENUM_CONVERSION = YES;
				CLANG_WARN_INFINITE_RECURSION = YES;
				CLANG_WARN_INT_CONVERSION = YES;
				CLANG_WARN_NON_LITERAL_NULL_CONVERSION = YES;
				CLANG_WARN_OBJC_IMPLICIT_RETAIN_SELF = YES;
				CLANG_WARN_OBJC_LITERAL_CONVERSION = YES;
				CLANG_WARN_OBJC_ROOT_CLASS = YES_ERROR;
				CLANG_WARN_QUOTED_INCLUDE_IN_FRAMEWORK_HEADER = YES;
				CLANG_WARN_RANGE_LOOP_ANALYSIS = YES;
				CLANG_WARN_STRICT_PROTOTYPES = YES;
				CLANG_WARN_SUSPICIOUS_MOVE = YES;
				CLANG_WARN_UNGUARDED_AVAILABILITY = YES_AGGRESSIVE;
				CLANG_WARN_UNREACHABLE_CODE = YES;
				CLANG_WARN__DUPLICATE_METHOD_MATCH = YES;
				COPY_PHASE_STRIP = NO;
				DEBUG_INFORMATION_FORMAT = dwarf;
				ENABLE_STRICT_OBJC_MSGSEND = YES;
				ENABLE_TESTABILITY = YES;
				GCC_C_LANGUAGE_STANDARD = gnu11;
				GCC_DYNAMIC_NO_PIC = NO;
				GCC_NO_COMMON_BLOCKS = YES;
				GCC_OPTIMIZATION_LEVEL = 0;
				GCC_PREPROCESSOR_DEFINITIONS = (
					"DEBUG=1",
					"$(inherited)",
				);
				GCC_WARN_64_TO_32_BIT_CONVERSION = YES;
				GCC_WARN_ABOUT_RETURN_TYPE = YES_ERROR;
				GCC_WARN_UNDECLARED_SELECTOR = YES;
				GCC_WARN_UNINITIALIZED_AUTOS = YES_AGGRESSIVE;
				GCC_WARN_UNUSED_FUNCTION = YES;
				GCC_WARN_UNUSED_VARIABLE = YES;
				IPHONEOS_DEPLOYMENT_TARGET = 15.0;
				MTL_ENABLE_DEBUG_INFO = INCLUDE_SOURCE;
				MTL_FAST_MATH = YES;
				ONLY_ACTIVE_ARCH = YES;
				SDKROOT = iphoneos;
				SWIFT_ACTIVE_COMPILATION_CONDITIONS = DEBUG;
				SWIFT_OPTIMIZATION_LEVEL = "-Onone";
			};
			name = Debug;
		};
		9D8B031D23B49485000FF55B /* Release */ = {
			isa = XCBuildConfiguration;
			buildSettings = {
				ALWAYS_SEARCH_USER_PATHS = NO;
				CLANG_ANALYZER_NONNULL = YES;
				CLANG_ANALYZER_NUMBER_OBJECT_CONVERSION = YES_AGGRESSIVE;
				CLANG_CXX_LANGUAGE_STANDARD = "gnu++14";
				CLANG_CXX_LIBRARY = "libc++";
				CLANG_ENABLE_MODULES = YES;
				CLANG_ENABLE_OBJC_ARC = YES;
				CLANG_ENABLE_OBJC_WEAK = YES;
				CLANG_WARN_BLOCK_CAPTURE_AUTORELEASING = YES;
				CLANG_WARN_BOOL_CONVERSION = YES;
				CLANG_WARN_COMMA = YES;
				CLANG_WARN_CONSTANT_CONVERSION = YES;
				CLANG_WARN_DEPRECATED_OBJC_IMPLEMENTATIONS = YES;
				CLANG_WARN_DIRECT_OBJC_ISA_USAGE = YES_ERROR;
				CLANG_WARN_DOCUMENTATION_COMMENTS = YES;
				CLANG_WARN_EMPTY_BODY = YES;
				CLANG_WARN_ENUM_CONVERSION = YES;
				CLANG_WARN_INFINITE_RECURSION = YES;
				CLANG_WARN_INT_CONVERSION = YES;
				CLANG_WARN_NON_LITERAL_NULL_CONVERSION = YES;
				CLANG_WARN_OBJC_IMPLICIT_RETAIN_SELF = YES;
				CLANG_WARN_OBJC_LITERAL_CONVERSION = YES;
				CLANG_WARN_OBJC_ROOT_CLASS = YES_ERROR;
				CLANG_WARN_QUOTED_INCLUDE_IN_FRAMEWORK_HEADER = YES;
				CLANG_WARN_RANGE_LOOP_ANALYSIS = YES;
				CLANG_WARN_STRICT_PROTOTYPES = YES;
				CLANG_WARN_SUSPICIOUS_MOVE = YES;
				CLANG_WARN_UNGUARDED_AVAILABILITY = YES_AGGRESSIVE;
				CLANG_WARN_UNREACHABLE_CODE = YES;
				CLANG_WARN__DUPLICATE_METHOD_MATCH = YES;
				COPY_PHASE_STRIP = NO;
				DEBUG_INFORMATION_FORMAT = "dwarf-with-dsym";
				ENABLE_NS_ASSERTIONS = NO;
				ENABLE_STRICT_OBJC_MSGSEND = YES;
				GCC_C_LANGUAGE_STANDARD = gnu11;
				GCC_NO_COMMON_BLOCKS = YES;
				GCC_WARN_64_TO_32_BIT_CONVERSION = YES;
				GCC_WARN_ABOUT_RETURN_TYPE = YES_ERROR;
				GCC_WARN_UNDECLARED_SELECTOR = YES;
				GCC_WARN_UNINITIALIZED_AUTOS = YES_AGGRESSIVE;
				GCC_WARN_UNUSED_FUNCTION = YES;
				GCC_WARN_UNUSED_VARIABLE = YES;
				IPHONEOS_DEPLOYMENT_TARGET = 15.0;
				MTL_ENABLE_DEBUG_INFO = NO;
				MTL_FAST_MATH = YES;
				SDKROOT = iphoneos;
				SWIFT_COMPILATION_MODE = wholemodule;
				SWIFT_OPTIMIZATION_LEVEL = "-O";
				VALIDATE_PRODUCT = YES;
			};
			name = Release;
		};
		9D8B031F23B49485000FF55B /* Debug */ = {
			isa = XCBuildConfiguration;
			buildSettings = {
				ASSETCATALOG_COMPILER_APPICON_NAME = AppIcon;
				CODE_SIGN_STYLE = Automatic;
				DEVELOPMENT_ASSET_PATHS = "\"SimpleChatMessenger/Preview Content\"";
				ENABLE_PREVIEWS = YES;
				INFOPLIST_FILE = SimpleChatMessenger/Info.plist;
				IPHONEOS_DEPLOYMENT_TARGET = 15.0;
				LD_RUNPATH_SEARCH_PATHS = (
					"$(inherited)",
					"@executable_path/Frameworks",
				);
				PRODUCT_BUNDLE_IDENTIFIER = FromF.github.com.SimpleChatMessenger;
				PRODUCT_NAME = "$(TARGET_NAME)";
				SWIFT_VERSION = 5.0;
				TARGETED_DEVICE_FAMILY = "1,2";
			};
			name = Debug;
		};
		9D8B032023B49485000FF55B /* Release */ = {
			isa = XCBuildConfiguration;
			buildSettings = {
				ASSETCATALOG_COMPILER_APPICON_NAME = AppIcon;
				CODE_SIGN_STYLE = Automatic;
				DEVELOPMENT_ASSET_PATHS = "\"SimpleChatMessenger/Preview Content\"";
				ENABLE_PREVIEWS = YES;
				INFOPLIST_FILE = SimpleChatMessenger/Info.plist;
				IPHONEOS_DEPLOYMENT_TARGET = 15.0;
				LD_RUNPATH_SEARCH_PATHS = (
					"$(inherited)",
					"@executable_path/Frameworks",
				);
				PRODUCT_BUNDLE_IDENTIFIER = FromF.github.com.SimpleChatMessenger;
				PRODUCT_NAME = "$(TARGET_NAME)";
				SWIFT_VERSION = 5.0;
				TARGETED_DEVICE_FAMILY = "1,2";
			};
			name = Release;
		};
/* End XCBuildConfiguration section */

/* Begin XCConfigurationList section */
		9D8B030523B49482000FF55B /* Build configuration list for PBXProject "SimpleChatMessenger" */ = {
			isa = XCConfigurationList;
			buildConfigurations = (
				9D8B031C23B49485000FF55B /* Debug */,
				9D8B031D23B49485000FF55B /* Release */,
			);
			defaultConfigurationIsVisible = 0;
			defaultConfigurationName = Release;
		};
		9D8B031E23B49485000FF55B /* Build configuration list for PBXNativeTarget "SimpleChatMessenger" */ = {
			isa = XCConfigurationList;
			buildConfigurations = (
				9D8B031F23B49485000FF55B /* Debug */,
				9D8B032023B49485000FF55B /* Release */,
			);
			defaultConfigurationIsVisible = 0;
			defaultConfigurationName = Release;
		};
/* End XCConfigurationList section */

/* Begin XCRemoteSwiftPackageReference section */
		9D346CF626496AEA009A858C /* XCRemoteSwiftPackageReference "firebase-ios-sdk" */ = {
			isa = XCRemoteSwiftPackageReference;
			repositoryURL = "https://github.com/firebase/firebase-ios-sdk.git";
			requirement = {
				kind = upToNextMajorVersion;
				minimumVersion = 9.0.0;
			};
		};
/* End XCRemoteSwiftPackageReference section */

/* Begin XCSwiftPackageProductDependency section */
		9D346CF726496AEA009A858C /* FirebaseFirestore */ = {
			isa = XCSwiftPackageProductDependency;
			package = 9D346CF626496AEA009A858C /* XCRemoteSwiftPackageReference "firebase-ios-sdk" */;
			productName = FirebaseFirestore;
		};
/* End XCSwiftPackageProductDependency section */
	};
	rootObject = 9D8B030223B49482000FF55B /* Project object */;
}
